<?xml version="1.0" encoding="utf-8"?>
<Project ToolsVersion="4.0" xmlns="http://schemas.microsoft.com/developer/msbuild/2003">
  <ItemGroup>
    <Filter Include="AStar">
      <UniqueIdentifier>{C0B6C60C-2CCB-EEBD-F54C-921D6120EBEE}</UniqueIdentifier>
    </Filter>
  </ItemGroup>
  <ItemGroup>
    <ClInclude Include="src\AStar.h" />
    <ClInclude Include="src\AStar\Application.h">
      <Filter>AStar</Filter>
    </ClInclude>
    <ClInclude Include="src\AStar\EntryPoint.h">
      <Filter>AStar</Filter>
    </ClInclude>
    <ClInclude Include="src\AStar\Log.h">
      <Filter>AStar</Filter>
    </ClInclude>
    <ClInclude Include="src\AStar\Macros.h">
      <Filter>AStar</Filter>
    </ClInclude>
    <ClInclude Include="src\AStar\Events\Event.h" />
    <ClInclude Include="src\AStar\Events\ApplicationEvent.h" />
    <ClInclude Include="src\AStar\Events\KeyEvent.h" />
    <ClInclude Include="src\AStar\Events\MouseEvent.h" />
  </ItemGroup>
  <ItemGroup>
    <ClCompile Include="src\AStar\Application.cpp">
      <Filter>AStar</Filter>
    </ClCompile>
    <ClCompile Include="src\AStar\Log.cpp">
      <Filter>AStar</Filter>
    </ClCompile>
  </ItemGroup>
</Project>